// !$*UTF8*$!
{
	archiveVersion = 1;
	classes = {
	};
	objectVersion = 55;
	objects = {

/* Begin PBXBuildFile section */
		EDC507A928488A4700BB1249 /* AppDelegate.swift in Sources */ = {isa = PBXBuildFile; fileRef = EDC507A828488A4700BB1249 /* AppDelegate.swift */; };
		EDC507AB28488A4700BB1249 /* SceneDelegate.swift in Sources */ = {isa = PBXBuildFile; fileRef = EDC507AA28488A4700BB1249 /* SceneDelegate.swift */; };
		EDC507AD28488A4700BB1249 /* SchoolsViewController.swift in Sources */ = {isa = PBXBuildFile; fileRef = EDC507AC28488A4700BB1249 /* SchoolsViewController.swift */; };
		EDC507B028488A4700BB1249 /* Main.storyboard in Resources */ = {isa = PBXBuildFile; fileRef = EDC507AE28488A4700BB1249 /* Main.storyboard */; };
		EDC507B228488A4A00BB1249 /* Assets.xcassets in Resources */ = {isa = PBXBuildFile; fileRef = EDC507B128488A4A00BB1249 /* Assets.xcassets */; };
		EDC507B528488A4A00BB1249 /* LaunchScreen.storyboard in Resources */ = {isa = PBXBuildFile; fileRef = EDC507B328488A4A00BB1249 /* LaunchScreen.storyboard */; };
		EDC507DE284DC5E300BB1249 /* NetworkManager.swift in Sources */ = {isa = PBXBuildFile; fileRef = EDC507DD284DC5E300BB1249 /* NetworkManager.swift */; };
		EDC507E1284DE5CE00BB1249 /* Schools.swift in Sources */ = {isa = PBXBuildFile; fileRef = EDC507E0284DE5CE00BB1249 /* Schools.swift */; };
		EDC507E6284DE89B00BB1249 /* SchoolsCoordinator.swift in Sources */ = {isa = PBXBuildFile; fileRef = EDC507E5284DE89B00BB1249 /* SchoolsCoordinator.swift */; };
		EDC507E8284DE8AA00BB1249 /* SchoolsViewCoordinator.swift in Sources */ = {isa = PBXBuildFile; fileRef = EDC507E7284DE8A900BB1249 /* SchoolsViewCoordinator.swift */; };
		EDC507EA284DE8C700BB1249 /* SchoolsRequestCoordinator.swift in Sources */ = {isa = PBXBuildFile; fileRef = EDC507E9284DE8C700BB1249 /* SchoolsRequestCoordinator.swift */; };
		EDC507EE284DEBA300BB1249 /* SchoolsTableView.swift in Sources */ = {isa = PBXBuildFile; fileRef = EDC507ED284DEBA300BB1249 /* SchoolsTableView.swift */; };
		EDC507F5284F01B400BB1249 /* UIColor+Extensions.swift in Sources */ = {isa = PBXBuildFile; fileRef = EDC507F4284F01B400BB1249 /* UIColor+Extensions.swift */; };
/* End PBXBuildFile section */

/* Begin PBXFileReference section */
		EDC507A528488A4700BB1249 /* 20220602-NeftaliSamarey-NYCSchools.app */ = {isa = PBXFileReference; explicitFileType = wrapper.application; includeInIndex = 0; path = "20220602-NeftaliSamarey-NYCSchools.app"; sourceTree = BUILT_PRODUCTS_DIR; };
		EDC507A828488A4700BB1249 /* AppDelegate.swift */ = {isa = PBXFileReference; lastKnownFileType = sourcecode.swift; path = AppDelegate.swift; sourceTree = "<group>"; };
		EDC507AA28488A4700BB1249 /* SceneDelegate.swift */ = {isa = PBXFileReference; lastKnownFileType = sourcecode.swift; path = SceneDelegate.swift; sourceTree = "<group>"; };
		EDC507AC28488A4700BB1249 /* SchoolsViewController.swift */ = {isa = PBXFileReference; lastKnownFileType = sourcecode.swift; path = SchoolsViewController.swift; sourceTree = "<group>"; };
		EDC507AF28488A4700BB1249 /* Base */ = {isa = PBXFileReference; lastKnownFileType = file.storyboard; name = Base; path = Base.lproj/Main.storyboard; sourceTree = "<group>"; };
		EDC507B128488A4A00BB1249 /* Assets.xcassets */ = {isa = PBXFileReference; lastKnownFileType = folder.assetcatalog; path = Assets.xcassets; sourceTree = "<group>"; };
		EDC507B428488A4A00BB1249 /* Base */ = {isa = PBXFileReference; lastKnownFileType = file.storyboard; name = Base; path = Base.lproj/LaunchScreen.storyboard; sourceTree = "<group>"; };
		EDC507B628488A4A00BB1249 /* Info.plist */ = {isa = PBXFileReference; lastKnownFileType = text.plist.xml; path = Info.plist; sourceTree = "<group>"; };
		EDC507DD284DC5E300BB1249 /* NetworkManager.swift */ = {isa = PBXFileReference; lastKnownFileType = sourcecode.swift; path = NetworkManager.swift; sourceTree = "<group>"; };
		EDC507E0284DE5CE00BB1249 /* Schools.swift */ = {isa = PBXFileReference; lastKnownFileType = sourcecode.swift; path = Schools.swift; sourceTree = "<group>"; };
		EDC507E5284DE89B00BB1249 /* SchoolsCoordinator.swift */ = {isa = PBXFileReference; lastKnownFileType = sourcecode.swift; path = SchoolsCoordinator.swift; sourceTree = "<group>"; };
		EDC507E7284DE8A900BB1249 /* SchoolsViewCoordinator.swift */ = {isa = PBXFileReference; lastKnownFileType = sourcecode.swift; path = SchoolsViewCoordinator.swift; sourceTree = "<group>"; };
		EDC507E9284DE8C700BB1249 /* SchoolsRequestCoordinator.swift */ = {isa = PBXFileReference; lastKnownFileType = sourcecode.swift; path = SchoolsRequestCoordinator.swift; sourceTree = "<group>"; };
		EDC507ED284DEBA300BB1249 /* SchoolsTableView.swift */ = {isa = PBXFileReference; lastKnownFileType = sourcecode.swift; path = SchoolsTableView.swift; sourceTree = "<group>"; };
		EDC507F4284F01B400BB1249 /* UIColor+Extensions.swift */ = {isa = PBXFileReference; lastKnownFileType = sourcecode.swift; path = "UIColor+Extensions.swift"; sourceTree = "<group>"; };
/* End PBXFileReference section */

/* Begin PBXFrameworksBuildPhase section */
		EDC507A228488A4700BB1249 /* Frameworks */ = {
			isa = PBXFrameworksBuildPhase;
			buildActionMask = 2147483647;
			files = (
			);
			runOnlyForDeploymentPostprocessing = 0;
		};
/* End PBXFrameworksBuildPhase section */

/* Begin PBXGroup section */
		EDC5079C28488A4700BB1249 = {
			isa = PBXGroup;
			children = (
				EDC507A728488A4700BB1249 /* 20220602-NeftaliSamarey-NYCSchools */,
				EDC507A628488A4700BB1249 /* Products */,
			);
			sourceTree = "<group>";
		};
		EDC507A628488A4700BB1249 /* Products */ = {
			isa = PBXGroup;
			children = (
				EDC507A528488A4700BB1249 /* 20220602-NeftaliSamarey-NYCSchools.app */,
			);
			name = Products;
			sourceTree = "<group>";
		};
		EDC507A728488A4700BB1249 /* 20220602-NeftaliSamarey-NYCSchools */ = {
			isa = PBXGroup;
			children = (
				EDC507A828488A4700BB1249 /* AppDelegate.swift */,
				EDC507AA28488A4700BB1249 /* SceneDelegate.swift */,
				EDC507F3284F019D00BB1249 /* Extensions */,
				EDC507DC284DC5CE00BB1249 /* Networking */,
				EDC507E2284DE7E700BB1249 /* Screens */,
				EDC507AE28488A4700BB1249 /* Main.storyboard */,
				EDC507B128488A4A00BB1249 /* Assets.xcassets */,
				EDC507B328488A4A00BB1249 /* LaunchScreen.storyboard */,
				EDC507B628488A4A00BB1249 /* Info.plist */,
			);
			path = "20220602-NeftaliSamarey-NYCSchools";
			sourceTree = "<group>";
		};
		EDC507DC284DC5CE00BB1249 /* Networking */ = {
			isa = PBXGroup;
			children = (
				EDC507DD284DC5E300BB1249 /* NetworkManager.swift */,
				EDC507DF284DE57B00BB1249 /* Models */,
			);
			path = Networking;
			sourceTree = "<group>";
		};
		EDC507DF284DE57B00BB1249 /* Models */ = {
			isa = PBXGroup;
			children = (
				EDC507E0284DE5CE00BB1249 /* Schools.swift */,
			);
			path = Models;
			sourceTree = "<group>";
		};
		EDC507E2284DE7E700BB1249 /* Screens */ = {
			isa = PBXGroup;
			children = (
				EDC507E3284DE80A00BB1249 /* Home */,
			);
			path = Screens;
			sourceTree = "<group>";
		};
		EDC507E3284DE80A00BB1249 /* Home */ = {
			isa = PBXGroup;
			children = (
				EDC507AC28488A4700BB1249 /* SchoolsViewController.swift */,
				EDC507E4284DE81D00BB1249 /* Coordinators */,
			);
			path = Home;
			sourceTree = "<group>";
		};
		EDC507E4284DE81D00BB1249 /* Coordinators */ = {
			isa = PBXGroup;
			children = (
				EDC507E5284DE89B00BB1249 /* SchoolsCoordinator.swift */,
				EDC507E7284DE8A900BB1249 /* SchoolsViewCoordinator.swift */,
				EDC507E9284DE8C700BB1249 /* SchoolsRequestCoordinator.swift */,
				EDC507EB284DEA0F00BB1249 /* Views */,
			);
			path = Coordinators;
			sourceTree = "<group>";
		};
		EDC507EB284DEA0F00BB1249 /* Views */ = {
			isa = PBXGroup;
			children = (
				EDC507EC284DEB8600BB1249 /* TableView */,
			);
			path = Views;
			sourceTree = "<group>";
		};
		EDC507EC284DEB8600BB1249 /* TableView */ = {
			isa = PBXGroup;
			children = (
				EDC507ED284DEBA300BB1249 /* SchoolsTableView.swift */,
			);
			path = TableView;
			sourceTree = "<group>";
		};
		EDC507F3284F019D00BB1249 /* Extensions */ = {
			isa = PBXGroup;
			children = (
				EDC507F4284F01B400BB1249 /* UIColor+Extensions.swift */,
			);
			path = Extensions;
			sourceTree = "<group>";
		};
/* End PBXGroup section */

/* Begin PBXNativeTarget section */
		EDC507A428488A4700BB1249 /* 20220602-NeftaliSamarey-NYCSchools */ = {
			isa = PBXNativeTarget;
			buildConfigurationList = EDC507B928488A4A00BB1249 /* Build configuration list for PBXNativeTarget "20220602-NeftaliSamarey-NYCSchools" */;
			buildPhases = (
				EDC507A128488A4700BB1249 /* Sources */,
				EDC507A228488A4700BB1249 /* Frameworks */,
				EDC507A328488A4700BB1249 /* Resources */,
			);
			buildRules = (
			);
			dependencies = (
			);
			name = "20220602-NeftaliSamarey-NYCSchools";
			productName = "20220602-NeftaliSamarey-NYCSchools";
			productReference = EDC507A528488A4700BB1249 /* 20220602-NeftaliSamarey-NYCSchools.app */;
			productType = "com.apple.product-type.application";
		};
/* End PBXNativeTarget section */

/* Begin PBXProject section */
		EDC5079D28488A4700BB1249 /* Project object */ = {
			isa = PBXProject;
			attributes = {
				BuildIndependentTargetsInParallel = 1;
				LastSwiftUpdateCheck = 1330;
				LastUpgradeCheck = 1330;
				TargetAttributes = {
					EDC507A428488A4700BB1249 = {
						CreatedOnToolsVersion = 13.3.1;
					};
				};
			};
			buildConfigurationList = EDC507A028488A4700BB1249 /* Build configuration list for PBXProject "20220602-NeftaliSamarey-NYCSchools" */;
			compatibilityVersion = "Xcode 13.0";
			developmentRegion = en;
			hasScannedForEncodings = 0;
			knownRegions = (
				en,
				Base,
			);
			mainGroup = EDC5079C28488A4700BB1249;
			productRefGroup = EDC507A628488A4700BB1249 /* Products */;
			projectDirPath = "";
			projectRoot = "";
			targets = (
				EDC507A428488A4700BB1249 /* 20220602-NeftaliSamarey-NYCSchools */,
			);
		};
/* End PBXProject section */

/* Begin PBXResourcesBuildPhase section */
		EDC507A328488A4700BB1249 /* Resources */ = {
			isa = PBXResourcesBuildPhase;
			buildActionMask = 2147483647;
			files = (
				EDC507B528488A4A00BB1249 /* LaunchScreen.storyboard in Resources */,
				EDC507B228488A4A00BB1249 /* Assets.xcassets in Resources */,
				EDC507B028488A4700BB1249 /* Main.storyboard in Resources */,
			);
			runOnlyForDeploymentPostprocessing = 0;
		};
/* End PBXResourcesBuildPhase section */

/* Begin PBXSourcesBuildPhase section */
		EDC507A128488A4700BB1249 /* Sources */ = {
			isa = PBXSourcesBuildPhase;
			buildActionMask = 2147483647;
			files = (
				EDC507DE284DC5E300BB1249 /* NetworkManager.swift in Sources */,
				EDC507E8284DE8AA00BB1249 /* SchoolsViewCoordinator.swift in Sources */,
				EDC507EA284DE8C700BB1249 /* SchoolsRequestCoordinator.swift in Sources */,
				EDC507AD28488A4700BB1249 /* SchoolsViewController.swift in Sources */,
				EDC507E1284DE5CE00BB1249 /* Schools.swift in Sources */,
				EDC507A928488A4700BB1249 /* AppDelegate.swift in Sources */,
				EDC507E6284DE89B00BB1249 /* SchoolsCoordinator.swift in Sources */,
				EDC507AB28488A4700BB1249 /* SceneDelegate.swift in Sources */,
				EDC507F5284F01B400BB1249 /* UIColor+Extensions.swift in Sources */,
				EDC507EE284DEBA300BB1249 /* SchoolsTableView.swift in Sources */,
			);
			runOnlyForDeploymentPostprocessing = 0;
		};
/* End PBXSourcesBuildPhase section */

/* Begin PBXVariantGroup section */
		EDC507AE28488A4700BB1249 /* Main.storyboard */ = {
			isa = PBXVariantGroup;
			children = (
				EDC507AF28488A4700BB1249 /* Base */,
			);
			name = Main.storyboard;
			sourceTree = "<group>";
		};
		EDC507B328488A4A00BB1249 /* LaunchScreen.storyboard */ = {
			isa = PBXVariantGroup;
			children = (
				EDC507B428488A4A00BB1249 /* Base */,
			);
			name = LaunchScreen.storyboard;
			sourceTree = "<group>";
		};
/* End PBXVariantGroup section */

/* Begin XCBuildConfiguration section */
		EDC507B728488A4A00BB1249 /* Debug */ = {
			isa = XCBuildConfiguration;
			buildSettings = {
				ALWAYS_SEARCH_USER_PATHS = NO;
				CLANG_ANALYZER_NONNULL = YES;
				CLANG_ANALYZER_NUMBER_OBJECT_CONVERSION = YES_AGGRESSIVE;
				CLANG_CXX_LANGUAGE_STANDARD = "gnu++17";
				CLANG_ENABLE_MODULES = YES;
				CLANG_ENABLE_OBJC_ARC = YES;
				CLANG_ENABLE_OBJC_WEAK = YES;
				CLANG_WARN_BLOCK_CAPTURE_AUTORELEASING = YES;
				CLANG_WARN_BOOL_CONVERSION = YES;
				CLANG_WARN_COMMA = YES;
				CLANG_WARN_CONSTANT_CONVERSION = YES;
				CLANG_WARN_DEPRECATED_OBJC_IMPLEMENTATIONS = YES;
				CLANG_WARN_DIRECT_OBJC_ISA_USAGE = YES_ERROR;
				CLANG_WARN_DOCUMENTATION_COMMENTS = YES;
				CLANG_WARN_EMPTY_BODY = YES;
				CLANG_WARN_ENUM_CONVERSION = YES;
				CLANG_WARN_INFINITE_RECURSION = YES;
				CLANG_WARN_INT_CONVERSION = YES;
				CLANG_WARN_NON_LITERAL_NULL_CONVERSION = YES;
				CLANG_WARN_OBJC_IMPLICIT_RETAIN_SELF = YES;
				CLANG_WARN_OBJC_LITERAL_CONVERSION = YES;
				CLANG_WARN_OBJC_ROOT_CLASS = YES_ERROR;
				CLANG_WARN_QUOTED_INCLUDE_IN_FRAMEWORK_HEADER = YES;
				CLANG_WARN_RANGE_LOOP_ANALYSIS = YES;
				CLANG_WARN_STRICT_PROTOTYPES = YES;
				CLANG_WARN_SUSPICIOUS_MOVE = YES;
				CLANG_WARN_UNGUARDED_AVAILABILITY = YES_AGGRESSIVE;
				CLANG_WARN_UNREACHABLE_CODE = YES;
				CLANG_WARN__DUPLICATE_METHOD_MATCH = YES;
				COPY_PHASE_STRIP = NO;
				DEBUG_INFORMATION_FORMAT = dwarf;
				ENABLE_STRICT_OBJC_MSGSEND = YES;
				ENABLE_TESTABILITY = YES;
				GCC_C_LANGUAGE_STANDARD = gnu11;
				GCC_DYNAMIC_NO_PIC = NO;
				GCC_NO_COMMON_BLOCKS = YES;
				GCC_OPTIMIZATION_LEVEL = 0;
				GCC_PREPROCESSOR_DEFINITIONS = (
					"DEBUG=1",
					"$(inherited)",
				);
				GCC_WARN_64_TO_32_BIT_CONVERSION = YES;
				GCC_WARN_ABOUT_RETURN_TYPE = YES_ERROR;
				GCC_WARN_UNDECLARED_SELECTOR = YES;
				GCC_WARN_UNINITIALIZED_AUTOS = YES_AGGRESSIVE;
				GCC_WARN_UNUSED_FUNCTION = YES;
				GCC_WARN_UNUSED_VARIABLE = YES;
				IPHONEOS_DEPLOYMENT_TARGET = 15.4;
				MTL_ENABLE_DEBUG_INFO = INCLUDE_SOURCE;
				MTL_FAST_MATH = YES;
				ONLY_ACTIVE_ARCH = YES;
				SDKROOT = iphoneos;
				SWIFT_ACTIVE_COMPILATION_CONDITIONS = DEBUG;
				SWIFT_OPTIMIZATION_LEVEL = "-Onone";
			};
			name = Debug;
		};
		EDC507B828488A4A00BB1249 /* Release */ = {
			isa = XCBuildConfiguration;
			buildSettings = {
				ALWAYS_SEARCH_USER_PATHS = NO;
				CLANG_ANALYZER_NONNULL = YES;
				CLANG_ANALYZER_NUMBER_OBJECT_CONVERSION = YES_AGGRESSIVE;
				CLANG_CXX_LANGUAGE_STANDARD = "gnu++17";
				CLANG_ENABLE_MODULES = YES;
				CLANG_ENABLE_OBJC_ARC = YES;
				CLANG_ENABLE_OBJC_WEAK = YES;
				CLANG_WARN_BLOCK_CAPTURE_AUTORELEASING = YES;
				CLANG_WARN_BOOL_CONVERSION = YES;
				CLANG_WARN_COMMA = YES;
				CLANG_WARN_CONSTANT_CONVERSION = YES;
				CLANG_WARN_DEPRECATED_OBJC_IMPLEMENTATIONS = YES;
				CLANG_WARN_DIRECT_OBJC_ISA_USAGE = YES_ERROR;
				CLANG_WARN_DOCUMENTATION_COMMENTS = YES;
				CLANG_WARN_EMPTY_BODY = YES;
				CLANG_WARN_ENUM_CONVERSION = YES;
				CLANG_WARN_INFINITE_RECURSION = YES;
				CLANG_WARN_INT_CONVERSION = YES;
				CLANG_WARN_NON_LITERAL_NULL_CONVERSION = YES;
				CLANG_WARN_OBJC_IMPLICIT_RETAIN_SELF = YES;
				CLANG_WARN_OBJC_LITERAL_CONVERSION = YES;
				CLANG_WARN_OBJC_ROOT_CLASS = YES_ERROR;
				CLANG_WARN_QUOTED_INCLUDE_IN_FRAMEWORK_HEADER = YES;
				CLANG_WARN_RANGE_LOOP_ANALYSIS = YES;
				CLANG_WARN_STRICT_PROTOTYPES = YES;
				CLANG_WARN_SUSPICIOUS_MOVE = YES;
				CLANG_WARN_UNGUARDED_AVAILABILITY = YES_AGGRESSIVE;
				CLANG_WARN_UNREACHABLE_CODE = YES;
				CLANG_WARN__DUPLICATE_METHOD_MATCH = YES;
				COPY_PHASE_STRIP = NO;
				DEBUG_INFORMATION_FORMAT = "dwarf-with-dsym";
				ENABLE_NS_ASSERTIONS = NO;
				ENABLE_STRICT_OBJC_MSGSEND = YES;
				GCC_C_LANGUAGE_STANDARD = gnu11;
				GCC_NO_COMMON_BLOCKS = YES;
				GCC_WARN_64_TO_32_BIT_CONVERSION = YES;
				GCC_WARN_ABOUT_RETURN_TYPE = YES_ERROR;
				GCC_WARN_UNDECLARED_SELECTOR = YES;
				GCC_WARN_UNINITIALIZED_AUTOS = YES_AGGRESSIVE;
				GCC_WARN_UNUSED_FUNCTION = YES;
				GCC_WARN_UNUSED_VARIABLE = YES;
				IPHONEOS_DEPLOYMENT_TARGET = 15.4;
				MTL_ENABLE_DEBUG_INFO = NO;
				MTL_FAST_MATH = YES;
				SDKROOT = iphoneos;
				SWIFT_COMPILATION_MODE = wholemodule;
				SWIFT_OPTIMIZATION_LEVEL = "-O";
				VALIDATE_PRODUCT = YES;
			};
			name = Release;
		};
		EDC507BA28488A4A00BB1249 /* Debug */ = {
			isa = XCBuildConfiguration;
			buildSettings = {
				ASSETCATALOG_COMPILER_APPICON_NAME = AppIcon;
				ASSETCATALOG_COMPILER_GLOBAL_ACCENT_COLOR_NAME = AccentColor;
				CODE_SIGN_STYLE = Automatic;
				CURRENT_PROJECT_VERSION = 1;
				DEVELOPMENT_TEAM = X752JDEFHP;
				GENERATE_INFOPLIST_FILE = YES;
				INFOPLIST_FILE = "20220602-NeftaliSamarey-NYCSchools/Info.plist";
				INFOPLIST_KEY_UIApplicationSupportsIndirectInputEvents = YES;
				INFOPLIST_KEY_UILaunchStoryboardName = LaunchScreen;
				INFOPLIST_KEY_UIMainStoryboardFile = Main;
				INFOPLIST_KEY_UISupportedInterfaceOrientations_iPad = "UIInterfaceOrientationPortrait UIInterfaceOrientationPortraitUpsideDown UIInterfaceOrientationLandscapeLeft UIInterfaceOrientationLandscapeRight";
				INFOPLIST_KEY_UISupportedInterfaceOrientations_iPhone = "UIInterfaceOrientationPortrait UIInterfaceOrientationLandscapeLeft UIInterfaceOrientationLandscapeRight";
				LD_RUNPATH_SEARCH_PATHS = (
					"$(inherited)",
					"@executable_path/Frameworks",
				);
				MARKETING_VERSION = 1.0;
				PRODUCT_BUNDLE_IDENTIFIER = "com.neftalisamarey.-0220602-NeftaliSamarey-NYCSchools";
				PRODUCT_NAME = "$(TARGET_NAME)";
				SWIFT_EMIT_LOC_STRINGS = YES;
				SWIFT_VERSION = 5.0;
				TARGETED_DEVICE_FAMILY = "1,2";
			};
			name = Debug;
		};
		EDC507BB28488A4A00BB1249 /* Release */ = {
			isa = XCBuildConfiguration;
			buildSettings = {
				ASSETCATALOG_COMPILER_APPICON_NAME = AppIcon;
				ASSETCATALOG_COMPILER_GLOBAL_ACCENT_COLOR_NAME = AccentColor;
				CODE_SIGN_STYLE = Automatic;
				CURRENT_PROJECT_VERSION = 1;
				DEVELOPMENT_TEAM = X752JDEFHP;
				GENERATE_INFOPLIST_FILE = YES;
				INFOPLIST_FILE = "20220602-NeftaliSamarey-NYCSchools/Info.plist";
				INFOPLIST_KEY_UIApplicationSupportsIndirectInputEvents = YES;
				INFOPLIST_KEY_UILaunchStoryboardName = LaunchScreen;
				INFOPLIST_KEY_UIMainStoryboardFile = Main;
				INFOPLIST_KEY_UISupportedInterfaceOrientations_iPad = "UIInterfaceOrientationPortrait UIInterfaceOrientationPortraitUpsideDown UIInterfaceOrientationLandscapeLeft UIInterfaceOrientationLandscapeRight";
				INFOPLIST_KEY_UISupportedInterfaceOrientations_iPhone = "UIInterfaceOrientationPortrait UIInterfaceOrientationLandscapeLeft UIInterfaceOrientationLandscapeRight";
				LD_RUNPATH_SEARCH_PATHS = (
					"$(inherited)",
					"@executable_path/Frameworks",
				);
				MARKETING_VERSION = 1.0;
				PRODUCT_BUNDLE_IDENTIFIER = "com.neftalisamarey.-0220602-NeftaliSamarey-NYCSchools";
				PRODUCT_NAME = "$(TARGET_NAME)";
				SWIFT_EMIT_LOC_STRINGS = YES;
				SWIFT_VERSION = 5.0;
				TARGETED_DEVICE_FAMILY = "1,2";
			};
			name = Release;
		};
/* End XCBuildConfiguration section */

/* Begin XCConfigurationList section */
		EDC507A028488A4700BB1249 /* Build configuration list for PBXProject "20220602-NeftaliSamarey-NYCSchools" */ = {
			isa = XCConfigurationList;
			buildConfigurations = (
				EDC507B728488A4A00BB1249 /* Debug */,
				EDC507B828488A4A00BB1249 /* Release */,
			);
			defaultConfigurationIsVisible = 0;
			defaultConfigurationName = Release;
		};
		EDC507B928488A4A00BB1249 /* Build configuration list for PBXNativeTarget "20220602-NeftaliSamarey-NYCSchools" */ = {
			isa = XCConfigurationList;
			buildConfigurations = (
				EDC507BA28488A4A00BB1249 /* Debug */,
				EDC507BB28488A4A00BB1249 /* Release */,
			);
			defaultConfigurationIsVisible = 0;
			defaultConfigurationName = Release;
		};
/* End XCConfigurationList section */
	};
	rootObject = EDC5079D28488A4700BB1249 /* Project object */;
}
