// !$*UTF8*$!
{
	archiveVersion = 1;
	classes = {
	};
	objectVersion = 55;
	objects = {

/* Begin PBXBuildFile section */
		ED1528E228502CF800B20995 /* SchoolDetailViewTitleLabel.swift in Sources */ = {isa = PBXBuildFile; fileRef = ED1528E128502CF800B20995 /* SchoolDetailViewTitleLabel.swift */; };
		ED1528EE28507DBE00B20995 /* SchoolsDetailCardStackView.swift in Sources */ = {isa = PBXBuildFile; fileRef = ED1528ED28507DBE00B20995 /* SchoolsDetailCardStackView.swift */; };
		ED1528F22850845000B20995 /* Roboto-Medium.ttf in Resources */ = {isa = PBXBuildFile; fileRef = ED1528F12850845000B20995 /* Roboto-Medium.ttf */; };
		ED1528F4285089EB00B20995 /* SchoolDetailViewDescriptionLabel.swift in Sources */ = {isa = PBXBuildFile; fileRef = ED1528F3285089EB00B20995 /* SchoolDetailViewDescriptionLabel.swift */; };
		ED1528F628508A3100B20995 /* Roboto-Regular.ttf in Resources */ = {isa = PBXBuildFile; fileRef = ED1528F528508A3100B20995 /* Roboto-Regular.ttf */; };
		ED1B44812856F27500C93006 /* SchoolsDetailCardVerticalDataStackView.swift in Sources */ = {isa = PBXBuildFile; fileRef = ED1B44802856F27500C93006 /* SchoolsDetailCardVerticalDataStackView.swift */; };
		ED1B44832856F43700C93006 /* SchoolsDetailCardVerticalDataSATTestStackView.swift in Sources */ = {isa = PBXBuildFile; fileRef = ED1B44822856F43700C93006 /* SchoolsDetailCardVerticalDataSATTestStackView.swift */; };
		ED1B44852856F4AD00C93006 /* SchoolsDetailCardVerticalDataSATReadingCriticalStackView.swift in Sources */ = {isa = PBXBuildFile; fileRef = ED1B44842856F4AD00C93006 /* SchoolsDetailCardVerticalDataSATReadingCriticalStackView.swift */; };
		ED1B44872856FB6A00C93006 /* SchoolsDetailCardVerticalDataMathAvgStackView.swift in Sources */ = {isa = PBXBuildFile; fileRef = ED1B44862856FB6A00C93006 /* SchoolsDetailCardVerticalDataMathAvgStackView.swift */; };
		ED1B44892856FBAD00C93006 /* SchoolsDetailCardVerticalDataReadingAvgStackView.swift in Sources */ = {isa = PBXBuildFile; fileRef = ED1B44882856FBAD00C93006 /* SchoolsDetailCardVerticalDataReadingAvgStackView.swift */; };
		ED8553AD28508DAA0054BFA8 /* SchoolDetailDescriptionTextView.swift in Sources */ = {isa = PBXBuildFile; fileRef = ED8553AC28508DAA0054BFA8 /* SchoolDetailDescriptionTextView.swift */; };
		ED8553BA28564EDE0054BFA8 /* DetailViewController.swift in Sources */ = {isa = PBXBuildFile; fileRef = ED8553B928564EDE0054BFA8 /* DetailViewController.swift */; };
		ED8553BE285655240054BFA8 /* DetailCoordinator.swift in Sources */ = {isa = PBXBuildFile; fileRef = ED8553BD285655240054BFA8 /* DetailCoordinator.swift */; };
		ED8553C0285655360054BFA8 /* DetailViewCoordinator.swift in Sources */ = {isa = PBXBuildFile; fileRef = ED8553BF285655360054BFA8 /* DetailViewCoordinator.swift */; };
		ED8553C22856D2230054BFA8 /* Scores.swift in Sources */ = {isa = PBXBuildFile; fileRef = ED8553C12856D2220054BFA8 /* Scores.swift */; };
		ED8553C72856D8450054BFA8 /* DetailViewStackView.swift in Sources */ = {isa = PBXBuildFile; fileRef = ED8553C62856D8450054BFA8 /* DetailViewStackView.swift */; };
		ED8553CA2856DA7B0054BFA8 /* DetailViewBottomView.swift in Sources */ = {isa = PBXBuildFile; fileRef = ED8553C92856DA7B0054BFA8 /* DetailViewBottomView.swift */; };
		ED8553CD2856DC4C0054BFA8 /* DetailSeeGradesButton.swift in Sources */ = {isa = PBXBuildFile; fileRef = ED8553CC2856DC4C0054BFA8 /* DetailSeeGradesButton.swift */; };
		ED8553CF2856E4C90054BFA8 /* SchoolDetailRequestCoordinator.swift in Sources */ = {isa = PBXBuildFile; fileRef = ED8553CE2856E4C90054BFA8 /* SchoolDetailRequestCoordinator.swift */; };
		EDC507A928488A4700BB1249 /* AppDelegate.swift in Sources */ = {isa = PBXBuildFile; fileRef = EDC507A828488A4700BB1249 /* AppDelegate.swift */; };
		EDC507AB28488A4700BB1249 /* SceneDelegate.swift in Sources */ = {isa = PBXBuildFile; fileRef = EDC507AA28488A4700BB1249 /* SceneDelegate.swift */; };
		EDC507AD28488A4700BB1249 /* SchoolsViewController.swift in Sources */ = {isa = PBXBuildFile; fileRef = EDC507AC28488A4700BB1249 /* SchoolsViewController.swift */; };
		EDC507B028488A4700BB1249 /* Main.storyboard in Resources */ = {isa = PBXBuildFile; fileRef = EDC507AE28488A4700BB1249 /* Main.storyboard */; };
		EDC507B228488A4A00BB1249 /* Assets.xcassets in Resources */ = {isa = PBXBuildFile; fileRef = EDC507B128488A4A00BB1249 /* Assets.xcassets */; };
		EDC507B528488A4A00BB1249 /* LaunchScreen.storyboard in Resources */ = {isa = PBXBuildFile; fileRef = EDC507B328488A4A00BB1249 /* LaunchScreen.storyboard */; };
		EDC507DE284DC5E300BB1249 /* NetworkManager.swift in Sources */ = {isa = PBXBuildFile; fileRef = EDC507DD284DC5E300BB1249 /* NetworkManager.swift */; };
		EDC507E1284DE5CE00BB1249 /* Schools.swift in Sources */ = {isa = PBXBuildFile; fileRef = EDC507E0284DE5CE00BB1249 /* Schools.swift */; };
		EDC507E6284DE89B00BB1249 /* SchoolsCoordinator.swift in Sources */ = {isa = PBXBuildFile; fileRef = EDC507E5284DE89B00BB1249 /* SchoolsCoordinator.swift */; };
		EDC507E8284DE8AA00BB1249 /* SchoolsViewCoordinator.swift in Sources */ = {isa = PBXBuildFile; fileRef = EDC507E7284DE8A900BB1249 /* SchoolsViewCoordinator.swift */; };
		EDC507EA284DE8C700BB1249 /* SchoolsRequestCoordinator.swift in Sources */ = {isa = PBXBuildFile; fileRef = EDC507E9284DE8C700BB1249 /* SchoolsRequestCoordinator.swift */; };
		EDC507EE284DEBA300BB1249 /* SchoolsTableView.swift in Sources */ = {isa = PBXBuildFile; fileRef = EDC507ED284DEBA300BB1249 /* SchoolsTableView.swift */; };
		EDC507F5284F01B400BB1249 /* UIColor+Extensions.swift in Sources */ = {isa = PBXBuildFile; fileRef = EDC507F4284F01B400BB1249 /* UIColor+Extensions.swift */; };
		EDC507F8284F290100BB1249 /* ModalPresentationController.swift in Sources */ = {isa = PBXBuildFile; fileRef = EDC507F7284F290100BB1249 /* ModalPresentationController.swift */; };
		EDC507FA284F298600BB1249 /* UIView+Extensions.swift in Sources */ = {isa = PBXBuildFile; fileRef = EDC507F9284F298600BB1249 /* UIView+Extensions.swift */; };
		EDC507FD284F2A7100BB1249 /* SchoolDetailViewControllerCard.swift in Sources */ = {isa = PBXBuildFile; fileRef = EDC507FC284F2A7100BB1249 /* SchoolDetailViewControllerCard.swift */; };
		EDC50800284F302800BB1249 /* SchoolDetailCoordinator.swift in Sources */ = {isa = PBXBuildFile; fileRef = EDC507FF284F302800BB1249 /* SchoolDetailCoordinator.swift */; };
		EDC50802284F304B00BB1249 /* SchoolDetailViewCoordinator.swift in Sources */ = {isa = PBXBuildFile; fileRef = EDC50801284F304B00BB1249 /* SchoolDetailViewCoordinator.swift */; };
/* End PBXBuildFile section */

/* Begin PBXFileReference section */
		ED1528E128502CF800B20995 /* SchoolDetailViewTitleLabel.swift */ = {isa = PBXFileReference; lastKnownFileType = sourcecode.swift; path = SchoolDetailViewTitleLabel.swift; sourceTree = "<group>"; };
		ED1528ED28507DBE00B20995 /* SchoolsDetailCardStackView.swift */ = {isa = PBXFileReference; lastKnownFileType = sourcecode.swift; path = SchoolsDetailCardStackView.swift; sourceTree = "<group>"; };
		ED1528F12850845000B20995 /* Roboto-Medium.ttf */ = {isa = PBXFileReference; lastKnownFileType = file; path = "Roboto-Medium.ttf"; sourceTree = "<group>"; };
		ED1528F3285089EB00B20995 /* SchoolDetailViewDescriptionLabel.swift */ = {isa = PBXFileReference; lastKnownFileType = sourcecode.swift; path = SchoolDetailViewDescriptionLabel.swift; sourceTree = "<group>"; };
		ED1528F528508A3100B20995 /* Roboto-Regular.ttf */ = {isa = PBXFileReference; lastKnownFileType = file; path = "Roboto-Regular.ttf"; sourceTree = "<group>"; };
		ED1B44802856F27500C93006 /* SchoolsDetailCardVerticalDataStackView.swift */ = {isa = PBXFileReference; lastKnownFileType = sourcecode.swift; path = SchoolsDetailCardVerticalDataStackView.swift; sourceTree = "<group>"; };
		ED1B44822856F43700C93006 /* SchoolsDetailCardVerticalDataSATTestStackView.swift */ = {isa = PBXFileReference; lastKnownFileType = sourcecode.swift; path = SchoolsDetailCardVerticalDataSATTestStackView.swift; sourceTree = "<group>"; };
		ED1B44842856F4AD00C93006 /* SchoolsDetailCardVerticalDataSATReadingCriticalStackView.swift */ = {isa = PBXFileReference; lastKnownFileType = sourcecode.swift; path = SchoolsDetailCardVerticalDataSATReadingCriticalStackView.swift; sourceTree = "<group>"; };
		ED1B44862856FB6A00C93006 /* SchoolsDetailCardVerticalDataMathAvgStackView.swift */ = {isa = PBXFileReference; lastKnownFileType = sourcecode.swift; path = SchoolsDetailCardVerticalDataMathAvgStackView.swift; sourceTree = "<group>"; };
		ED1B44882856FBAD00C93006 /* SchoolsDetailCardVerticalDataReadingAvgStackView.swift */ = {isa = PBXFileReference; lastKnownFileType = sourcecode.swift; path = SchoolsDetailCardVerticalDataReadingAvgStackView.swift; sourceTree = "<group>"; };
		ED8553AC28508DAA0054BFA8 /* SchoolDetailDescriptionTextView.swift */ = {isa = PBXFileReference; lastKnownFileType = sourcecode.swift; path = SchoolDetailDescriptionTextView.swift; sourceTree = "<group>"; };
		ED8553B928564EDE0054BFA8 /* DetailViewController.swift */ = {isa = PBXFileReference; lastKnownFileType = sourcecode.swift; path = DetailViewController.swift; sourceTree = "<group>"; };
		ED8553BD285655240054BFA8 /* DetailCoordinator.swift */ = {isa = PBXFileReference; lastKnownFileType = sourcecode.swift; path = DetailCoordinator.swift; sourceTree = "<group>"; };
		ED8553BF285655360054BFA8 /* DetailViewCoordinator.swift */ = {isa = PBXFileReference; lastKnownFileType = sourcecode.swift; path = DetailViewCoordinator.swift; sourceTree = "<group>"; };
		ED8553C12856D2220054BFA8 /* Scores.swift */ = {isa = PBXFileReference; lastKnownFileType = sourcecode.swift; path = Scores.swift; sourceTree = "<group>"; };
		ED8553C62856D8450054BFA8 /* DetailViewStackView.swift */ = {isa = PBXFileReference; lastKnownFileType = sourcecode.swift; path = DetailViewStackView.swift; sourceTree = "<group>"; };
		ED8553C92856DA7B0054BFA8 /* DetailViewBottomView.swift */ = {isa = PBXFileReference; lastKnownFileType = sourcecode.swift; path = DetailViewBottomView.swift; sourceTree = "<group>"; };
		ED8553CC2856DC4C0054BFA8 /* DetailSeeGradesButton.swift */ = {isa = PBXFileReference; lastKnownFileType = sourcecode.swift; path = DetailSeeGradesButton.swift; sourceTree = "<group>"; };
		ED8553CE2856E4C90054BFA8 /* SchoolDetailRequestCoordinator.swift */ = {isa = PBXFileReference; lastKnownFileType = sourcecode.swift; path = SchoolDetailRequestCoordinator.swift; sourceTree = "<group>"; };
		EDC507A528488A4700BB1249 /* 20220602-NeftaliSamarey-NYCSchools.app */ = {isa = PBXFileReference; explicitFileType = wrapper.application; includeInIndex = 0; path = "20220602-NeftaliSamarey-NYCSchools.app"; sourceTree = BUILT_PRODUCTS_DIR; };
		EDC507A828488A4700BB1249 /* AppDelegate.swift */ = {isa = PBXFileReference; lastKnownFileType = sourcecode.swift; path = AppDelegate.swift; sourceTree = "<group>"; };
		EDC507AA28488A4700BB1249 /* SceneDelegate.swift */ = {isa = PBXFileReference; lastKnownFileType = sourcecode.swift; path = SceneDelegate.swift; sourceTree = "<group>"; };
		EDC507AC28488A4700BB1249 /* SchoolsViewController.swift */ = {isa = PBXFileReference; lastKnownFileType = sourcecode.swift; path = SchoolsViewController.swift; sourceTree = "<group>"; };
		EDC507AF28488A4700BB1249 /* Base */ = {isa = PBXFileReference; lastKnownFileType = file.storyboard; name = Base; path = Base.lproj/Main.storyboard; sourceTree = "<group>"; };
		EDC507B128488A4A00BB1249 /* Assets.xcassets */ = {isa = PBXFileReference; lastKnownFileType = folder.assetcatalog; path = Assets.xcassets; sourceTree = "<group>"; };
		EDC507B428488A4A00BB1249 /* Base */ = {isa = PBXFileReference; lastKnownFileType = file.storyboard; name = Base; path = Base.lproj/LaunchScreen.storyboard; sourceTree = "<group>"; };
		EDC507B628488A4A00BB1249 /* Info.plist */ = {isa = PBXFileReference; lastKnownFileType = text.plist.xml; path = Info.plist; sourceTree = "<group>"; };
		EDC507DD284DC5E300BB1249 /* NetworkManager.swift */ = {isa = PBXFileReference; lastKnownFileType = sourcecode.swift; path = NetworkManager.swift; sourceTree = "<group>"; };
		EDC507E0284DE5CE00BB1249 /* Schools.swift */ = {isa = PBXFileReference; lastKnownFileType = sourcecode.swift; path = Schools.swift; sourceTree = "<group>"; };
		EDC507E5284DE89B00BB1249 /* SchoolsCoordinator.swift */ = {isa = PBXFileReference; lastKnownFileType = sourcecode.swift; path = SchoolsCoordinator.swift; sourceTree = "<group>"; };
		EDC507E7284DE8A900BB1249 /* SchoolsViewCoordinator.swift */ = {isa = PBXFileReference; lastKnownFileType = sourcecode.swift; path = SchoolsViewCoordinator.swift; sourceTree = "<group>"; };
		EDC507E9284DE8C700BB1249 /* SchoolsRequestCoordinator.swift */ = {isa = PBXFileReference; lastKnownFileType = sourcecode.swift; path = SchoolsRequestCoordinator.swift; sourceTree = "<group>"; };
		EDC507ED284DEBA300BB1249 /* SchoolsTableView.swift */ = {isa = PBXFileReference; lastKnownFileType = sourcecode.swift; path = SchoolsTableView.swift; sourceTree = "<group>"; };
		EDC507F4284F01B400BB1249 /* UIColor+Extensions.swift */ = {isa = PBXFileReference; lastKnownFileType = sourcecode.swift; path = "UIColor+Extensions.swift"; sourceTree = "<group>"; };
		EDC507F7284F290100BB1249 /* ModalPresentationController.swift */ = {isa = PBXFileReference; lastKnownFileType = sourcecode.swift; path = ModalPresentationController.swift; sourceTree = "<group>"; };
		EDC507F9284F298600BB1249 /* UIView+Extensions.swift */ = {isa = PBXFileReference; lastKnownFileType = sourcecode.swift; path = "UIView+Extensions.swift"; sourceTree = "<group>"; };
		EDC507FC284F2A7100BB1249 /* SchoolDetailViewControllerCard.swift */ = {isa = PBXFileReference; lastKnownFileType = sourcecode.swift; path = SchoolDetailViewControllerCard.swift; sourceTree = "<group>"; };
		EDC507FF284F302800BB1249 /* SchoolDetailCoordinator.swift */ = {isa = PBXFileReference; lastKnownFileType = sourcecode.swift; path = SchoolDetailCoordinator.swift; sourceTree = "<group>"; };
		EDC50801284F304B00BB1249 /* SchoolDetailViewCoordinator.swift */ = {isa = PBXFileReference; lastKnownFileType = sourcecode.swift; path = SchoolDetailViewCoordinator.swift; sourceTree = "<group>"; };
/* End PBXFileReference section */

/* Begin PBXFrameworksBuildPhase section */
		EDC507A228488A4700BB1249 /* Frameworks */ = {
			isa = PBXFrameworksBuildPhase;
			buildActionMask = 2147483647;
			files = (
			);
			runOnlyForDeploymentPostprocessing = 0;
		};
/* End PBXFrameworksBuildPhase section */

/* Begin PBXGroup section */
		ED1528E028502CCD00B20995 /* Labels */ = {
			isa = PBXGroup;
			children = (
				ED1528E128502CF800B20995 /* SchoolDetailViewTitleLabel.swift */,
				ED1528F3285089EB00B20995 /* SchoolDetailViewDescriptionLabel.swift */,
			);
			path = Labels;
			sourceTree = "<group>";
		};
		ED1528EC28507DA100B20995 /* StackViews */ = {
			isa = PBXGroup;
			children = (
				ED1528ED28507DBE00B20995 /* SchoolsDetailCardStackView.swift */,
				ED1B44802856F27500C93006 /* SchoolsDetailCardVerticalDataStackView.swift */,
				ED1B44822856F43700C93006 /* SchoolsDetailCardVerticalDataSATTestStackView.swift */,
				ED1B44842856F4AD00C93006 /* SchoolsDetailCardVerticalDataSATReadingCriticalStackView.swift */,
				ED1B44862856FB6A00C93006 /* SchoolsDetailCardVerticalDataMathAvgStackView.swift */,
				ED1B44882856FBAD00C93006 /* SchoolsDetailCardVerticalDataReadingAvgStackView.swift */,
			);
			path = StackViews;
			sourceTree = "<group>";
		};
		ED1528EF285083F600B20995 /* Resources */ = {
			isa = PBXGroup;
			children = (
				ED1528F0285083FE00B20995 /* Fonts */,
			);
			path = Resources;
			sourceTree = "<group>";
		};
		ED1528F0285083FE00B20995 /* Fonts */ = {
			isa = PBXGroup;
			children = (
				ED1528F12850845000B20995 /* Roboto-Medium.ttf */,
				ED1528F528508A3100B20995 /* Roboto-Regular.ttf */,
			);
			path = Fonts;
			sourceTree = "<group>";
		};
		ED1528F728508D2700B20995 /* TextView */ = {
			isa = PBXGroup;
			children = (
				ED8553AC28508DAA0054BFA8 /* SchoolDetailDescriptionTextView.swift */,
			);
			path = TextView;
			sourceTree = "<group>";
		};
		ED8553B728564EAD0054BFA8 /* School Details */ = {
			isa = PBXGroup;
			children = (
				ED8553B928564EDE0054BFA8 /* DetailViewController.swift */,
				ED8553B828564EC00054BFA8 /* Coordinators */,
			);
			path = "School Details";
			sourceTree = "<group>";
		};
		ED8553B828564EC00054BFA8 /* Coordinators */ = {
			isa = PBXGroup;
			children = (
				ED8553BD285655240054BFA8 /* DetailCoordinator.swift */,
				ED8553BF285655360054BFA8 /* DetailViewCoordinator.swift */,
				ED8553C32856D8200054BFA8 /* Views */,
			);
			path = Coordinators;
			sourceTree = "<group>";
		};
		ED8553C32856D8200054BFA8 /* Views */ = {
			isa = PBXGroup;
			children = (
				ED8553CB2856DC2C0054BFA8 /* Buttons */,
				ED8553C82856DA660054BFA8 /* Views */,
				ED8553C52856D82A0054BFA8 /* Labels */,
				ED8553C42856D8250054BFA8 /* StackViews */,
			);
			path = Views;
			sourceTree = "<group>";
		};
		ED8553C42856D8250054BFA8 /* StackViews */ = {
			isa = PBXGroup;
			children = (
				ED8553C62856D8450054BFA8 /* DetailViewStackView.swift */,
			);
			path = StackViews;
			sourceTree = "<group>";
		};
		ED8553C52856D82A0054BFA8 /* Labels */ = {
			isa = PBXGroup;
			children = (
			);
			path = Labels;
			sourceTree = "<group>";
		};
		ED8553C82856DA660054BFA8 /* Views */ = {
			isa = PBXGroup;
			children = (
				ED8553C92856DA7B0054BFA8 /* DetailViewBottomView.swift */,
				EDC507FB284F2A4800BB1249 /* CardController */,
			);
			path = Views;
			sourceTree = "<group>";
		};
		ED8553CB2856DC2C0054BFA8 /* Buttons */ = {
			isa = PBXGroup;
			children = (
				ED8553CC2856DC4C0054BFA8 /* DetailSeeGradesButton.swift */,
			);
			path = Buttons;
			sourceTree = "<group>";
		};
		EDC5079C28488A4700BB1249 = {
			isa = PBXGroup;
			children = (
				EDC507A728488A4700BB1249 /* 20220602-NeftaliSamarey-NYCSchools */,
				EDC507A628488A4700BB1249 /* Products */,
			);
			sourceTree = "<group>";
		};
		EDC507A628488A4700BB1249 /* Products */ = {
			isa = PBXGroup;
			children = (
				EDC507A528488A4700BB1249 /* 20220602-NeftaliSamarey-NYCSchools.app */,
			);
			name = Products;
			sourceTree = "<group>";
		};
		EDC507A728488A4700BB1249 /* 20220602-NeftaliSamarey-NYCSchools */ = {
			isa = PBXGroup;
			children = (
				EDC507A828488A4700BB1249 /* AppDelegate.swift */,
				EDC507AA28488A4700BB1249 /* SceneDelegate.swift */,
				ED1528EF285083F600B20995 /* Resources */,
				EDC507F3284F019D00BB1249 /* Extensions */,
				EDC507DC284DC5CE00BB1249 /* Networking */,
				EDC507E2284DE7E700BB1249 /* Screens */,
				EDC507F6284F28CB00BB1249 /* Base Controllers */,
				EDC507AE28488A4700BB1249 /* Main.storyboard */,
				EDC507B128488A4A00BB1249 /* Assets.xcassets */,
				EDC507B328488A4A00BB1249 /* LaunchScreen.storyboard */,
				EDC507B628488A4A00BB1249 /* Info.plist */,
			);
			path = "20220602-NeftaliSamarey-NYCSchools";
			sourceTree = "<group>";
		};
		EDC507DC284DC5CE00BB1249 /* Networking */ = {
			isa = PBXGroup;
			children = (
				EDC507DD284DC5E300BB1249 /* NetworkManager.swift */,
				EDC507DF284DE57B00BB1249 /* Models */,
			);
			path = Networking;
			sourceTree = "<group>";
		};
		EDC507DF284DE57B00BB1249 /* Models */ = {
			isa = PBXGroup;
			children = (
				EDC507E0284DE5CE00BB1249 /* Schools.swift */,
				ED8553C12856D2220054BFA8 /* Scores.swift */,
			);
			path = Models;
			sourceTree = "<group>";
		};
		EDC507E2284DE7E700BB1249 /* Screens */ = {
			isa = PBXGroup;
			children = (
				EDC507E3284DE80A00BB1249 /* Home */,
				ED8553B728564EAD0054BFA8 /* School Details */,
			);
			path = Screens;
			sourceTree = "<group>";
		};
		EDC507E3284DE80A00BB1249 /* Home */ = {
			isa = PBXGroup;
			children = (
				EDC507AC28488A4700BB1249 /* SchoolsViewController.swift */,
				EDC507E4284DE81D00BB1249 /* Coordinators */,
			);
			path = Home;
			sourceTree = "<group>";
		};
		EDC507E4284DE81D00BB1249 /* Coordinators */ = {
			isa = PBXGroup;
			children = (
				EDC507E5284DE89B00BB1249 /* SchoolsCoordinator.swift */,
				EDC507E7284DE8A900BB1249 /* SchoolsViewCoordinator.swift */,
				EDC507E9284DE8C700BB1249 /* SchoolsRequestCoordinator.swift */,
				EDC507EB284DEA0F00BB1249 /* Views */,
			);
			path = Coordinators;
			sourceTree = "<group>";
		};
		EDC507EB284DEA0F00BB1249 /* Views */ = {
			isa = PBXGroup;
			children = (
				EDC507EC284DEB8600BB1249 /* TableView */,
			);
			path = Views;
			sourceTree = "<group>";
		};
		EDC507EC284DEB8600BB1249 /* TableView */ = {
			isa = PBXGroup;
			children = (
				EDC507ED284DEBA300BB1249 /* SchoolsTableView.swift */,
			);
			path = TableView;
			sourceTree = "<group>";
		};
		EDC507F3284F019D00BB1249 /* Extensions */ = {
			isa = PBXGroup;
			children = (
				EDC507F4284F01B400BB1249 /* UIColor+Extensions.swift */,
				EDC507F9284F298600BB1249 /* UIView+Extensions.swift */,
			);
			path = Extensions;
			sourceTree = "<group>";
		};
		EDC507F6284F28CB00BB1249 /* Base Controllers */ = {
			isa = PBXGroup;
			children = (
				EDC507F7284F290100BB1249 /* ModalPresentationController.swift */,
			);
			path = "Base Controllers";
			sourceTree = "<group>";
		};
		EDC507FB284F2A4800BB1249 /* CardController */ = {
			isa = PBXGroup;
			children = (
				EDC507FC284F2A7100BB1249 /* SchoolDetailViewControllerCard.swift */,
				EDC507FE284F2FFD00BB1249 /* Coordinators */,
				EDC50803284F305700BB1249 /* Views */,
			);
			path = CardController;
			sourceTree = "<group>";
		};
		EDC507FE284F2FFD00BB1249 /* Coordinators */ = {
			isa = PBXGroup;
			children = (
				EDC507FF284F302800BB1249 /* SchoolDetailCoordinator.swift */,
				EDC50801284F304B00BB1249 /* SchoolDetailViewCoordinator.swift */,
				ED8553CE2856E4C90054BFA8 /* SchoolDetailRequestCoordinator.swift */,
			);
			path = Coordinators;
			sourceTree = "<group>";
		};
		EDC50803284F305700BB1249 /* Views */ = {
			isa = PBXGroup;
			children = (
				ED1528F728508D2700B20995 /* TextView */,
				ED1528EC28507DA100B20995 /* StackViews */,
				ED1528E028502CCD00B20995 /* Labels */,
			);
			path = Views;
			sourceTree = "<group>";
		};
/* End PBXGroup section */

/* Begin PBXNativeTarget section */
		EDC507A428488A4700BB1249 /* 20220602-NeftaliSamarey-NYCSchools */ = {
			isa = PBXNativeTarget;
			buildConfigurationList = EDC507B928488A4A00BB1249 /* Build configuration list for PBXNativeTarget "20220602-NeftaliSamarey-NYCSchools" */;
			buildPhases = (
				EDC507A128488A4700BB1249 /* Sources */,
				EDC507A228488A4700BB1249 /* Frameworks */,
				EDC507A328488A4700BB1249 /* Resources */,
			);
			buildRules = (
			);
			dependencies = (
			);
			name = "20220602-NeftaliSamarey-NYCSchools";
			productName = "20220602-NeftaliSamarey-NYCSchools";
			productReference = EDC507A528488A4700BB1249 /* 20220602-NeftaliSamarey-NYCSchools.app */;
			productType = "com.apple.product-type.application";
		};
/* End PBXNativeTarget section */

/* Begin PBXProject section */
		EDC5079D28488A4700BB1249 /* Project object */ = {
			isa = PBXProject;
			attributes = {
				BuildIndependentTargetsInParallel = 1;
				LastSwiftUpdateCheck = 1330;
				LastUpgradeCheck = 1330;
				TargetAttributes = {
					EDC507A428488A4700BB1249 = {
						CreatedOnToolsVersion = 13.3.1;
					};
				};
			};
			buildConfigurationList = EDC507A028488A4700BB1249 /* Build configuration list for PBXProject "20220602-NeftaliSamarey-NYCSchools" */;
			compatibilityVersion = "Xcode 13.0";
			developmentRegion = en;
			hasScannedForEncodings = 0;
			knownRegions = (
				en,
				Base,
			);
			mainGroup = EDC5079C28488A4700BB1249;
			productRefGroup = EDC507A628488A4700BB1249 /* Products */;
			projectDirPath = "";
			projectRoot = "";
			targets = (
				EDC507A428488A4700BB1249 /* 20220602-NeftaliSamarey-NYCSchools */,
			);
		};
/* End PBXProject section */

/* Begin PBXResourcesBuildPhase section */
		EDC507A328488A4700BB1249 /* Resources */ = {
			isa = PBXResourcesBuildPhase;
			buildActionMask = 2147483647;
			files = (
				ED1528F22850845000B20995 /* Roboto-Medium.ttf in Resources */,
				EDC507B528488A4A00BB1249 /* LaunchScreen.storyboard in Resources */,
				ED1528F628508A3100B20995 /* Roboto-Regular.ttf in Resources */,
				EDC507B228488A4A00BB1249 /* Assets.xcassets in Resources */,
				EDC507B028488A4700BB1249 /* Main.storyboard in Resources */,
			);
			runOnlyForDeploymentPostprocessing = 0;
		};
/* End PBXResourcesBuildPhase section */

/* Begin PBXSourcesBuildPhase section */
		EDC507A128488A4700BB1249 /* Sources */ = {
			isa = PBXSourcesBuildPhase;
			buildActionMask = 2147483647;
			files = (
				ED8553BE285655240054BFA8 /* DetailCoordinator.swift in Sources */,
				ED1528EE28507DBE00B20995 /* SchoolsDetailCardStackView.swift in Sources */,
				ED8553C0285655360054BFA8 /* DetailViewCoordinator.swift in Sources */,
				ED8553C72856D8450054BFA8 /* DetailViewStackView.swift in Sources */,
				ED8553C22856D2230054BFA8 /* Scores.swift in Sources */,
				EDC507DE284DC5E300BB1249 /* NetworkManager.swift in Sources */,
				EDC507E8284DE8AA00BB1249 /* SchoolsViewCoordinator.swift in Sources */,
				ED8553CA2856DA7B0054BFA8 /* DetailViewBottomView.swift in Sources */,
				ED1528F4285089EB00B20995 /* SchoolDetailViewDescriptionLabel.swift in Sources */,
				EDC507EA284DE8C700BB1249 /* SchoolsRequestCoordinator.swift in Sources */,
				EDC507AD28488A4700BB1249 /* SchoolsViewController.swift in Sources */,
				ED8553AD28508DAA0054BFA8 /* SchoolDetailDescriptionTextView.swift in Sources */,
				ED1B44832856F43700C93006 /* SchoolsDetailCardVerticalDataSATTestStackView.swift in Sources */,
				ED1B44812856F27500C93006 /* SchoolsDetailCardVerticalDataStackView.swift in Sources */,
				EDC507E1284DE5CE00BB1249 /* Schools.swift in Sources */,
				ED1B44852856F4AD00C93006 /* SchoolsDetailCardVerticalDataSATReadingCriticalStackView.swift in Sources */,
				EDC50802284F304B00BB1249 /* SchoolDetailViewCoordinator.swift in Sources */,
				ED1528E228502CF800B20995 /* SchoolDetailViewTitleLabel.swift in Sources */,
				ED1B44872856FB6A00C93006 /* SchoolsDetailCardVerticalDataMathAvgStackView.swift in Sources */,
				ED8553CF2856E4C90054BFA8 /* SchoolDetailRequestCoordinator.swift in Sources */,
				EDC507A928488A4700BB1249 /* AppDelegate.swift in Sources */,
				EDC507FA284F298600BB1249 /* UIView+Extensions.swift in Sources */,
				ED1B44892856FBAD00C93006 /* SchoolsDetailCardVerticalDataReadingAvgStackView.swift in Sources */,
				EDC507E6284DE89B00BB1249 /* SchoolsCoordinator.swift in Sources */,
				EDC507FD284F2A7100BB1249 /* SchoolDetailViewControllerCard.swift in Sources */,
				EDC507AB28488A4700BB1249 /* SceneDelegate.swift in Sources */,
				ED8553BA28564EDE0054BFA8 /* DetailViewController.swift in Sources */,
				EDC507F8284F290100BB1249 /* ModalPresentationController.swift in Sources */,
				EDC507F5284F01B400BB1249 /* UIColor+Extensions.swift in Sources */,
				EDC507EE284DEBA300BB1249 /* SchoolsTableView.swift in Sources */,
				ED8553CD2856DC4C0054BFA8 /* DetailSeeGradesButton.swift in Sources */,
				EDC50800284F302800BB1249 /* SchoolDetailCoordinator.swift in Sources */,
			);
			runOnlyForDeploymentPostprocessing = 0;
		};
/* End PBXSourcesBuildPhase section */

/* Begin PBXVariantGroup section */
		EDC507AE28488A4700BB1249 /* Main.storyboard */ = {
			isa = PBXVariantGroup;
			children = (
				EDC507AF28488A4700BB1249 /* Base */,
			);
			name = Main.storyboard;
			sourceTree = "<group>";
		};
		EDC507B328488A4A00BB1249 /* LaunchScreen.storyboard */ = {
			isa = PBXVariantGroup;
			children = (
				EDC507B428488A4A00BB1249 /* Base */,
			);
			name = LaunchScreen.storyboard;
			sourceTree = "<group>";
		};
/* End PBXVariantGroup section */

/* Begin XCBuildConfiguration section */
		EDC507B728488A4A00BB1249 /* Debug */ = {
			isa = XCBuildConfiguration;
			buildSettings = {
				ALWAYS_SEARCH_USER_PATHS = NO;
				CLANG_ANALYZER_NONNULL = YES;
				CLANG_ANALYZER_NUMBER_OBJECT_CONVERSION = YES_AGGRESSIVE;
				CLANG_CXX_LANGUAGE_STANDARD = "gnu++17";
				CLANG_ENABLE_MODULES = YES;
				CLANG_ENABLE_OBJC_ARC = YES;
				CLANG_ENABLE_OBJC_WEAK = YES;
				CLANG_WARN_BLOCK_CAPTURE_AUTORELEASING = YES;
				CLANG_WARN_BOOL_CONVERSION = YES;
				CLANG_WARN_COMMA = YES;
				CLANG_WARN_CONSTANT_CONVERSION = YES;
				CLANG_WARN_DEPRECATED_OBJC_IMPLEMENTATIONS = YES;
				CLANG_WARN_DIRECT_OBJC_ISA_USAGE = YES_ERROR;
				CLANG_WARN_DOCUMENTATION_COMMENTS = YES;
				CLANG_WARN_EMPTY_BODY = YES;
				CLANG_WARN_ENUM_CONVERSION = YES;
				CLANG_WARN_INFINITE_RECURSION = YES;
				CLANG_WARN_INT_CONVERSION = YES;
				CLANG_WARN_NON_LITERAL_NULL_CONVERSION = YES;
				CLANG_WARN_OBJC_IMPLICIT_RETAIN_SELF = YES;
				CLANG_WARN_OBJC_LITERAL_CONVERSION = YES;
				CLANG_WARN_OBJC_ROOT_CLASS = YES_ERROR;
				CLANG_WARN_QUOTED_INCLUDE_IN_FRAMEWORK_HEADER = YES;
				CLANG_WARN_RANGE_LOOP_ANALYSIS = YES;
				CLANG_WARN_STRICT_PROTOTYPES = YES;
				CLANG_WARN_SUSPICIOUS_MOVE = YES;
				CLANG_WARN_UNGUARDED_AVAILABILITY = YES_AGGRESSIVE;
				CLANG_WARN_UNREACHABLE_CODE = YES;
				CLANG_WARN__DUPLICATE_METHOD_MATCH = YES;
				COPY_PHASE_STRIP = NO;
				DEBUG_INFORMATION_FORMAT = dwarf;
				ENABLE_STRICT_OBJC_MSGSEND = YES;
				ENABLE_TESTABILITY = YES;
				GCC_C_LANGUAGE_STANDARD = gnu11;
				GCC_DYNAMIC_NO_PIC = NO;
				GCC_NO_COMMON_BLOCKS = YES;
				GCC_OPTIMIZATION_LEVEL = 0;
				GCC_PREPROCESSOR_DEFINITIONS = (
					"DEBUG=1",
					"$(inherited)",
				);
				GCC_WARN_64_TO_32_BIT_CONVERSION = YES;
				GCC_WARN_ABOUT_RETURN_TYPE = YES_ERROR;
				GCC_WARN_UNDECLARED_SELECTOR = YES;
				GCC_WARN_UNINITIALIZED_AUTOS = YES_AGGRESSIVE;
				GCC_WARN_UNUSED_FUNCTION = YES;
				GCC_WARN_UNUSED_VARIABLE = YES;
				IPHONEOS_DEPLOYMENT_TARGET = 15.4;
				MTL_ENABLE_DEBUG_INFO = INCLUDE_SOURCE;
				MTL_FAST_MATH = YES;
				ONLY_ACTIVE_ARCH = YES;
				SDKROOT = iphoneos;
				SWIFT_ACTIVE_COMPILATION_CONDITIONS = DEBUG;
				SWIFT_OPTIMIZATION_LEVEL = "-Onone";
			};
			name = Debug;
		};
		EDC507B828488A4A00BB1249 /* Release */ = {
			isa = XCBuildConfiguration;
			buildSettings = {
				ALWAYS_SEARCH_USER_PATHS = NO;
				CLANG_ANALYZER_NONNULL = YES;
				CLANG_ANALYZER_NUMBER_OBJECT_CONVERSION = YES_AGGRESSIVE;
				CLANG_CXX_LANGUAGE_STANDARD = "gnu++17";
				CLANG_ENABLE_MODULES = YES;
				CLANG_ENABLE_OBJC_ARC = YES;
				CLANG_ENABLE_OBJC_WEAK = YES;
				CLANG_WARN_BLOCK_CAPTURE_AUTORELEASING = YES;
				CLANG_WARN_BOOL_CONVERSION = YES;
				CLANG_WARN_COMMA = YES;
				CLANG_WARN_CONSTANT_CONVERSION = YES;
				CLANG_WARN_DEPRECATED_OBJC_IMPLEMENTATIONS = YES;
				CLANG_WARN_DIRECT_OBJC_ISA_USAGE = YES_ERROR;
				CLANG_WARN_DOCUMENTATION_COMMENTS = YES;
				CLANG_WARN_EMPTY_BODY = YES;
				CLANG_WARN_ENUM_CONVERSION = YES;
				CLANG_WARN_INFINITE_RECURSION = YES;
				CLANG_WARN_INT_CONVERSION = YES;
				CLANG_WARN_NON_LITERAL_NULL_CONVERSION = YES;
				CLANG_WARN_OBJC_IMPLICIT_RETAIN_SELF = YES;
				CLANG_WARN_OBJC_LITERAL_CONVERSION = YES;
				CLANG_WARN_OBJC_ROOT_CLASS = YES_ERROR;
				CLANG_WARN_QUOTED_INCLUDE_IN_FRAMEWORK_HEADER = YES;
				CLANG_WARN_RANGE_LOOP_ANALYSIS = YES;
				CLANG_WARN_STRICT_PROTOTYPES = YES;
				CLANG_WARN_SUSPICIOUS_MOVE = YES;
				CLANG_WARN_UNGUARDED_AVAILABILITY = YES_AGGRESSIVE;
				CLANG_WARN_UNREACHABLE_CODE = YES;
				CLANG_WARN__DUPLICATE_METHOD_MATCH = YES;
				COPY_PHASE_STRIP = NO;
				DEBUG_INFORMATION_FORMAT = "dwarf-with-dsym";
				ENABLE_NS_ASSERTIONS = NO;
				ENABLE_STRICT_OBJC_MSGSEND = YES;
				GCC_C_LANGUAGE_STANDARD = gnu11;
				GCC_NO_COMMON_BLOCKS = YES;
				GCC_WARN_64_TO_32_BIT_CONVERSION = YES;
				GCC_WARN_ABOUT_RETURN_TYPE = YES_ERROR;
				GCC_WARN_UNDECLARED_SELECTOR = YES;
				GCC_WARN_UNINITIALIZED_AUTOS = YES_AGGRESSIVE;
				GCC_WARN_UNUSED_FUNCTION = YES;
				GCC_WARN_UNUSED_VARIABLE = YES;
				IPHONEOS_DEPLOYMENT_TARGET = 15.4;
				MTL_ENABLE_DEBUG_INFO = NO;
				MTL_FAST_MATH = YES;
				SDKROOT = iphoneos;
				SWIFT_COMPILATION_MODE = wholemodule;
				SWIFT_OPTIMIZATION_LEVEL = "-O";
				VALIDATE_PRODUCT = YES;
			};
			name = Release;
		};
		EDC507BA28488A4A00BB1249 /* Debug */ = {
			isa = XCBuildConfiguration;
			buildSettings = {
				ASSETCATALOG_COMPILER_APPICON_NAME = AppIcon;
				ASSETCATALOG_COMPILER_GLOBAL_ACCENT_COLOR_NAME = AccentColor;
				CODE_SIGN_STYLE = Automatic;
				CURRENT_PROJECT_VERSION = 1;
				DEVELOPMENT_TEAM = X752JDEFHP;
				GENERATE_INFOPLIST_FILE = YES;
				INFOPLIST_FILE = "20220602-NeftaliSamarey-NYCSchools/Info.plist";
				INFOPLIST_KEY_UIApplicationSupportsIndirectInputEvents = YES;
				INFOPLIST_KEY_UILaunchStoryboardName = LaunchScreen;
				INFOPLIST_KEY_UIMainStoryboardFile = Main;
				INFOPLIST_KEY_UISupportedInterfaceOrientations_iPad = "UIInterfaceOrientationPortrait UIInterfaceOrientationPortraitUpsideDown UIInterfaceOrientationLandscapeLeft UIInterfaceOrientationLandscapeRight";
				INFOPLIST_KEY_UISupportedInterfaceOrientations_iPhone = "UIInterfaceOrientationPortrait UIInterfaceOrientationLandscapeLeft UIInterfaceOrientationLandscapeRight";
				LD_RUNPATH_SEARCH_PATHS = (
					"$(inherited)",
					"@executable_path/Frameworks",
				);
				MARKETING_VERSION = 1.0;
				PRODUCT_BUNDLE_IDENTIFIER = "com.neftalisamarey.-0220602-NeftaliSamarey-NYCSchools";
				PRODUCT_NAME = "$(TARGET_NAME)";
				SWIFT_EMIT_LOC_STRINGS = YES;
				SWIFT_VERSION = 5.0;
				TARGETED_DEVICE_FAMILY = "1,2";
			};
			name = Debug;
		};
		EDC507BB28488A4A00BB1249 /* Release */ = {
			isa = XCBuildConfiguration;
			buildSettings = {
				ASSETCATALOG_COMPILER_APPICON_NAME = AppIcon;
				ASSETCATALOG_COMPILER_GLOBAL_ACCENT_COLOR_NAME = AccentColor;
				CODE_SIGN_STYLE = Automatic;
				CURRENT_PROJECT_VERSION = 1;
				DEVELOPMENT_TEAM = X752JDEFHP;
				GENERATE_INFOPLIST_FILE = YES;
				INFOPLIST_FILE = "20220602-NeftaliSamarey-NYCSchools/Info.plist";
				INFOPLIST_KEY_UIApplicationSupportsIndirectInputEvents = YES;
				INFOPLIST_KEY_UILaunchStoryboardName = LaunchScreen;
				INFOPLIST_KEY_UIMainStoryboardFile = Main;
				INFOPLIST_KEY_UISupportedInterfaceOrientations_iPad = "UIInterfaceOrientationPortrait UIInterfaceOrientationPortraitUpsideDown UIInterfaceOrientationLandscapeLeft UIInterfaceOrientationLandscapeRight";
				INFOPLIST_KEY_UISupportedInterfaceOrientations_iPhone = "UIInterfaceOrientationPortrait UIInterfaceOrientationLandscapeLeft UIInterfaceOrientationLandscapeRight";
				LD_RUNPATH_SEARCH_PATHS = (
					"$(inherited)",
					"@executable_path/Frameworks",
				);
				MARKETING_VERSION = 1.0;
				PRODUCT_BUNDLE_IDENTIFIER = "com.neftalisamarey.-0220602-NeftaliSamarey-NYCSchools";
				PRODUCT_NAME = "$(TARGET_NAME)";
				SWIFT_EMIT_LOC_STRINGS = YES;
				SWIFT_VERSION = 5.0;
				TARGETED_DEVICE_FAMILY = "1,2";
			};
			name = Release;
		};
/* End XCBuildConfiguration section */

/* Begin XCConfigurationList section */
		EDC507A028488A4700BB1249 /* Build configuration list for PBXProject "20220602-NeftaliSamarey-NYCSchools" */ = {
			isa = XCConfigurationList;
			buildConfigurations = (
				EDC507B728488A4A00BB1249 /* Debug */,
				EDC507B828488A4A00BB1249 /* Release */,
			);
			defaultConfigurationIsVisible = 0;
			defaultConfigurationName = Release;
		};
		EDC507B928488A4A00BB1249 /* Build configuration list for PBXNativeTarget "20220602-NeftaliSamarey-NYCSchools" */ = {
			isa = XCConfigurationList;
			buildConfigurations = (
				EDC507BA28488A4A00BB1249 /* Debug */,
				EDC507BB28488A4A00BB1249 /* Release */,
			);
			defaultConfigurationIsVisible = 0;
			defaultConfigurationName = Release;
		};
/* End XCConfigurationList section */
	};
	rootObject = EDC5079D28488A4700BB1249 /* Project object */;
}
